
Microsoft Visual Studio Solution File, Format Version 12.00
# Visual Studio 14
VisualStudioVersion = 14.0.25420.1
MinimumVisualStudioVersion = 10.0.40219.1
Project("{FAE04EC0-301F-11D3-BF4B-00C04F79EFBC}") = "ACLFormatter", "ACLFormatter.csproj", "{CE8DF159-AF2A-4606-BCBF-DBF2D522DD39}"
EndProject
Global
	GlobalSection(SolutionConfigurationPlatforms) = preSolution
		Debug|Any CPU = Debug|Any CPU
		Release|Any CPU = Release|Any CPU
	EndGlobalSection
	GlobalSection(ProjectConfigurationPlatforms) = postSolution
		{CE8DF159-AF2A-4606-BCBF-DBF2D522DD39}.Debug|Any CPU.ActiveCfg = Debug|Any CPU
		{CE8DF159-AF2A-4606-BCBF-DBF2D522DD39}.Debug|Any CPU.Build.0 = Debug|Any CPU
		{CE8DF159-AF2A-4606-BCBF-DBF2D522DD39}.Release|Any CPU.ActiveCfg = Release|Any CPU
		{CE8DF159-AF2A-4606-BCBF-DBF2D522DD39}.Release|Any CPU.Build.0 = Release|Any CPU
	EndGlobalSection
	GlobalSection(SolutionProperties) = preSolution
		HideSolutionNode = FALSE
	EndGlobalSection
EndGlobal
